{
  "object": {
    "pins": [
      {
        "package": "CollectionSplitting",
        "repositoryURL": "https://github.com/wltrup/CollectionSplitting.git",
        "state": {
          "branch": null,
          "revision": "b9f2c5d725bea73726e8291f8bd8cc01b91ae1c1",
          "version": "0.1.0"
        }
      },
      {
        "package": "StringFormatting",
        "repositoryURL": "https://github.com/wltrup/StringFormatting.git",
        "state": {
          "branch": null,
          "revision": "33321d9d26921465d24654eff168eb4e5c9d1cb3",
          "version": "0.1.0"
        }
      }
    ]
  },
  "version": 1
}
